
Microsoft Visual Studio Solution File, Format Version 12.00
# Visual Studio Version 16
VisualStudioVersion = 16.0.810.5
MinimumVisualStudioVersion = 10.0.40219.1
Project("{FAE04EC0-301F-11D3-BF4B-00C04F79EFBC}") = "LeapYear", "LeapYear\LeapYear.csproj", "{3C627523-B5F3-421B-9134-C77CC2E3684E}"
EndProject
Global
	GlobalSection(SolutionConfigurationPlatforms) = preSolution
		Debug|Any CPU = Debug|Any CPU
		Release|Any CPU = Release|Any CPU
	EndGlobalSection
	GlobalSection(ProjectConfigurationPlatforms) = postSolution
		{3C627523-B5F3-421B-9134-C77CC2E3684E}.Debug|Any CPU.ActiveCfg = Debug|Any CPU
		{3C627523-B5F3-421B-9134-C77CC2E3684E}.Debug|Any CPU.Build.0 = Debug|Any CPU
		{3C627523-B5F3-421B-9134-C77CC2E3684E}.Release|Any CPU.ActiveCfg = Release|Any CPU
		{3C627523-B5F3-421B-9134-C77CC2E3684E}.Release|Any CPU.Build.0 = Release|Any CPU
	EndGlobalSection
	GlobalSection(SolutionProperties) = preSolution
		HideSolutionNode = FALSE
	EndGlobalSection
	GlobalSection(ExtensibilityGlobals) = postSolution
		SolutionGuid = {6770E5C7-F755-4F19-BF4F-30F83BB15177}
	EndGlobalSection
EndGlobal
