
Microsoft Visual Studio Solution File, Format Version 12.00
# Visual Studio Version 16
VisualStudioVersion = 16.0.810.5
MinimumVisualStudioVersion = 10.0.40219.1
Project("{FAE04EC0-301F-11D3-BF4B-00C04F79EFBC}") = "flipcoin", "flipcoin\flipcoin.csproj", "{3FB9AFE2-B2E5-4A1A-B08A-0AF110931CAA}"
EndProject
Global
	GlobalSection(SolutionConfigurationPlatforms) = preSolution
		Debug|Any CPU = Debug|Any CPU
		Release|Any CPU = Release|Any CPU
	EndGlobalSection
	GlobalSection(ProjectConfigurationPlatforms) = postSolution
		{3FB9AFE2-B2E5-4A1A-B08A-0AF110931CAA}.Debug|Any CPU.ActiveCfg = Debug|Any CPU
		{3FB9AFE2-B2E5-4A1A-B08A-0AF110931CAA}.Debug|Any CPU.Build.0 = Debug|Any CPU
		{3FB9AFE2-B2E5-4A1A-B08A-0AF110931CAA}.Release|Any CPU.ActiveCfg = Release|Any CPU
		{3FB9AFE2-B2E5-4A1A-B08A-0AF110931CAA}.Release|Any CPU.Build.0 = Release|Any CPU
	EndGlobalSection
	GlobalSection(SolutionProperties) = preSolution
		HideSolutionNode = FALSE
	EndGlobalSection
	GlobalSection(ExtensibilityGlobals) = postSolution
		SolutionGuid = {699608FB-713A-45E8-A7AD-3900E2B0DFCE}
	EndGlobalSection
EndGlobal
